
Microsoft Visual Studio Solution File, Format Version 12.00
# Visual Studio Version 16
VisualStudioVersion = 16.0.31624.102
MinimumVisualStudioVersion = 10.0.40219.1
Project("{FAE04EC0-301F-11D3-BF4B-00C04F79EFBC}") = "Analizador_sintactico_LR_1", "Analizador_sintactico_LR_1.csproj", "{A0703CEF-C1D1-4CC3-B57B-DAA333128B1B}"
EndProject
Global
	GlobalSection(SolutionConfigurationPlatforms) = preSolution
		Debug|Any CPU = Debug|Any CPU
		Release|Any CPU = Release|Any CPU
	EndGlobalSection
	GlobalSection(ProjectConfigurationPlatforms) = postSolution
		{A0703CEF-C1D1-4CC3-B57B-DAA333128B1B}.Debug|Any CPU.ActiveCfg = Debug|Any CPU
		{A0703CEF-C1D1-4CC3-B57B-DAA333128B1B}.Debug|Any CPU.Build.0 = Debug|Any CPU
		{A0703CEF-C1D1-4CC3-B57B-DAA333128B1B}.Release|Any CPU.ActiveCfg = Release|Any CPU
		{A0703CEF-C1D1-4CC3-B57B-DAA333128B1B}.Release|Any CPU.Build.0 = Release|Any CPU
	EndGlobalSection
	GlobalSection(SolutionProperties) = preSolution
		HideSolutionNode = FALSE
	EndGlobalSection
	GlobalSection(ExtensibilityGlobals) = postSolution
		SolutionGuid = {0C08D509-9FBB-4A21-B1A6-87512F2D1957}
	EndGlobalSection
EndGlobal
